[[package]]
category = "main"
description = "Fast ASN.1 parser and serializer with definitions for private keys, public keys, certificates, CRL, OCSP, CMS, PKCS#3, PKCS#7, PKCS#8, PKCS#12, PKCS#5, X.509 and TSP"
marker = "extra == \"security\""
name = "asn1crypto"
optional = false
python-versions = "*"
version = "0.24.0"

[[package]]
category = "main"
description = "Python package for providing Mozilla's CA Bundle."
name = "certifi"
optional = false
python-versions = "*"
version = "2019.3.9"

[[package]]
category = "main"
description = "Foreign Function Interface for Python calling C code."
marker = "extra == \"security\" and platform_python_implementation != \"PyPy\""
name = "cffi"
optional = false
python-versions = "*"
version = "1.12.3"

[package.dependencies]
pycparser = "*"

[[package]]
category = "main"
description = "Universal encoding detector for Python 2 and 3"
name = "chardet"
optional = false
python-versions = "*"
version = "3.0.4"

[[package]]
category = "main"
description = "cryptography is a package which provides cryptographic recipes and primitives to Python developers."
marker = "extra == \"security\""
name = "cryptography"
optional = false
python-versions = "*"
version = "2.1.4"

[package.dependencies]
asn1crypto = ">=0.21.0"
cffi = ">=1.7"
idna = ">=2.1"
six = ">=1.4.1"

[package.dependencies.enum34]
python = "<3"
version = "*"

[package.dependencies.ipaddress]
python = "<3"
version = "*"

[[package]]
category = "main"
description = "Python 3.4 Enum backported to 3.3, 3.2, 3.1, 2.7, 2.6, 2.5, and 2.4"
marker = "extra == \"security\" and python_version < \"3\""
name = "enum34"
optional = false
python-versions = "*"
version = "1.1.6"

[[package]]
category = "main"
description = "Internationalized Domain Names in Applications (IDNA)"
name = "idna"
optional = false
python-versions = "*"
version = "2.6"

[[package]]
category = "main"
description = "IPv4/IPv6 manipulation library"
marker = "extra == \"security\" and python_version < \"3\""
name = "ipaddress"
optional = false
python-versions = "*"
version = "1.0.22"

[[package]]
category = "main"
description = "C parser in Python"
marker = "extra == \"security\" and platform_python_implementation != \"PyPy\""
name = "pycparser"
optional = false
python-versions = "*"
version = "2.18"

[[package]]
category = "main"
description = "Python wrapper module around the OpenSSL library"
marker = "extra == \"security\""
name = "pyopenssl"
optional = false
python-versions = "*"
version = "17.5.0"

[package.dependencies]
cryptography = ">=2.1.4"
six = ">=1.5.2"

[[package]]
category = "main"
description = "Python HTTP for Humans."
name = "requests"
optional = false
python-versions = "*"
version = "2.18.4"

[package.dependencies]
certifi = ">=2017.4.17"
chardet = ">=3.0.2,<3.1.0"
cryptography = ">=1.3.4"
idna = [">=2.5,<2.7", ">=2.0.0"]
pyOpenSSL = ">=0.14"
urllib3 = ">=1.21.1,<1.23"

[[package]]
category = "main"
description = "Python 2 and 3 compatibility utilities"
marker = "extra == \"security\""
name = "six"
optional = false
python-versions = ">=2.6, !=3.0.*, !=3.1.*"
version = "1.12.0"

[[package]]
category = "main"
description = "HTTP library with thread-safe connection pooling, file post, and more."
name = "urllib3"
optional = false
python-versions = "*"
version = "1.22"

[metadata]
content-hash = "9ced7c8fc6fcc203135b9cbedebef380138cf234743b0c0207a65cecba476756"
python-versions = "~2.7 || ^3.2"

[metadata.hashes]
asn1crypto = ["2f1adbb7546ed199e3c90ef23ec95c5cf3585bac7d11fb7eb562a3fe89c64e87", "9d5c20441baf0cb60a4ac34cc447c6c189024b6b4c6cd7877034f4965c464e49"]
certifi = ["59b7658e26ca9c7339e00f8f4636cdfe59d34fa37b9b04f6f9e9926b3cece1a5", "b26104d6835d1f5e49452a26eb2ff87fe7090b89dfcaee5ea2212697e1e1d7ae"]
cffi = ["041c81822e9f84b1d9c401182e174996f0bae9991f33725d059b771744290774", "046ef9a22f5d3eed06334d01b1e836977eeef500d9b78e9ef693f9380ad0b83d", "066bc4c7895c91812eff46f4b1c285220947d4aa46fa0a2651ff85f2afae9c90", "066c7ff148ae33040c01058662d6752fd73fbc8e64787229ea8498c7d7f4041b", "2444d0c61f03dcd26dbf7600cf64354376ee579acad77aef459e34efcb438c63", "300832850b8f7967e278870c5d51e3819b9aad8f0a2c8dbe39ab11f119237f45", "34c77afe85b6b9e967bd8154e3855e847b70ca42043db6ad17f26899a3df1b25", "46de5fa00f7ac09f020729148ff632819649b3e05a007d286242c4882f7b1dc3", "4aa8ee7ba27c472d429b980c51e714a24f47ca296d53f4d7868075b175866f4b", "4d0004eb4351e35ed950c14c11e734182591465a33e960a4ab5e8d4f04d72647", "4e3d3f31a1e202b0f5a35ba3bc4eb41e2fc2b11c1eff38b362de710bcffb5016", "50bec6d35e6b1aaeb17f7c4e2b9374ebf95a8975d57863546fa83e8d31bdb8c4", "55cad9a6df1e2a1d62063f79d0881a414a906a6962bc160ac968cc03ed3efcfb", "5662ad4e4e84f1eaa8efce5da695c5d2e229c563f9d5ce5b0113f71321bcf753", "59b4dc008f98fc6ee2bb4fd7fc786a8d70000d058c2bbe2698275bc53a8d3fa7", "73e1ffefe05e4ccd7bcea61af76f36077b914f92b76f95ccf00b0c1b9186f3f9", "a1f0fd46eba2d71ce1589f7e50a9e2ffaeb739fb2c11e8192aa2b45d5f6cc41f", "a2e85dc204556657661051ff4bab75a84e968669765c8a2cd425918699c3d0e8", "a5457d47dfff24882a21492e5815f891c0ca35fefae8aa742c6c263dac16ef1f", "a8dccd61d52a8dae4a825cdbb7735da530179fea472903eb871a5513b5abbfdc", "ae61af521ed676cf16ae94f30fe202781a38d7178b6b4ab622e4eec8cefaff42", "b012a5edb48288f77a63dba0840c92d0504aa215612da4541b7b42d849bc83a3", "d2c5cfa536227f57f97c92ac30c8109688ace8fa4ac086d19d0af47d134e2909", "d42b5796e20aacc9d15e66befb7a345454eef794fdb0737d1af593447c6c8f45", "dee54f5d30d775f525894d67b1495625dd9322945e7fee00731952e0368ff42d", "e070535507bd6aa07124258171be2ee8dfc19119c28ca94c9dfb7efd23564512", "e1ff2748c84d97b065cc95429814cdba39bcbd77c9c85c89344b317dc0d9cbff", "ed851c75d1e0e043cbf5ca9a8e1b13c4c90f3fbd863dacb01c0808e2b5204201"]
chardet = ["84ab92ed1c4d4f16916e05906b6b75a6c0fb5db821cc65e70cbd64a3e2a5eaae", "fc323ffcaeaed0e0a02bf4d117757b98aed530d9ed4531e3e15460124c106691"]
cryptography = ["0d39a93cf25edeae1f796bbc5960e587f34513a852564f6345ea4491a86c5997", "18d0b0fc21f39b35ea469a82584f55eeecec1f65a92d85af712c425bdef627b3", "27a208b9600166976182351174948e128818e7fc95cbdba18143f3106a211546", "28e4e9a97713aa47b5ef9c5003def2eb58aec89781ef3ef82b1c2916a8b0639b", "2cfcee8829c5dec55597826d52c26bc26e7ce39adb4771584459d0636b0b7108", "33b564196dcd563e309a0b07444e31611368afe3a3822160c046f5e4c3b5cdd7", "41f94194ae78f83fd94ca94fb8ad65f92210a76a2421169ffa5c33c3ec7605f4", "4f385ee7d39ee1ed74f1d6b1da03d0734ea82855a7b28a9e6e88c4091bc58664", "55555d784cfdf9033e81f044c0df04babed2aa141213765d960d233b0139e353", "69285f5615507b6625f89ea1048addd1d9218585fb886eb90bdebb1d2b2d26f5", "6cb1224da391fa90f1be524eafb375b62baf8d3df9690b32e8cc475ccfccee5e", "6fb22f63e17813f3d1d8e30dd1e249e2c34233ba1d3de977fd31cb5db764c7d0", "7a2409f1564c84bcf2563d379c9b6148c5bc6b0ae46e109f6a7b4bebadf551df", "8487524a1212223ca6dc7e2c8913024618f7ff29855c98869088e3818d5f6733", "9a2945efcff84830c8e237ab037d0269380d75d400a89cc9e5628e52647e21be", "9a47a80f65f4feaaf8415a40c339806c7d7d867152ddccc6ca87f707c8b7b565", "a3c180d12ffb1d8ee5b33a514a5bcb2a9cc06cc89aa74038015591170c82f55d", "a5f2c681fd040ed648513939a1dd2242af19bd5e9e79e53b6dcfa33bdae61217", "b984523d28737e373c7c35c8b6db6001537609d47534892de189bebebaa42a47", "d18df9cf3f3212df28d445ea82ce702c4d7a35817ef7a38ee38879ffa8f7e857", "e4d967371c5b6b2e67855066471d844c5d52d210c36c28d49a8507b96e2c5291", "ee245f185fae723133511e2450be08a66c2eebb53ad27c0c19b228029f4748a5", "fc2208d95d9ecc8032f5e38330d5ace2e3b0b998e42b08c30c35b2ab3a4a3bc8"]
enum34 = ["2d81cbbe0e73112bdfe6ef8576f2238f2ba27dd0d55752a776c41d38b7da2850", "644837f692e5f550741432dd3f223bbb9852018674981b1664e5dc339387588a", "6bd0f6ad48ec2aa117d3d141940d484deccda84d4fcd884f5c3d93c23ecd8c79", "8ad8c4783bf61ded74527bffb48ed9b54166685e4230386a9ed9b1279e2df5b1"]
idna = ["2c6a5de3089009e3da7c5dde64a141dbc8551d5b7f6cf4ed7c2568d0cc520a8f", "8c7309c718f94b3a625cb648ace320157ad16ff131ae0af362c9f21b80ef6ec4"]
ipaddress = ["64b28eec5e78e7510698f6d4da08800a5c575caa4a286c93d651c5d3ff7b6794", "b146c751ea45cad6188dd6cf2d9b757f6f4f8d6ffb96a023e6f2e26eea02a72c"]
pycparser = ["99a8ca03e29851d96616ad0404b4aad7d9ee16f25c9f9708a11faf2810f7b226"]
pyopenssl = ["07a2de1a54de07448732a81e38a55df7da109b2f47f599f8bb35b0cbec69d4bd", "2c10cfba46a52c0b0950118981d61e72c1e5b1aac451ca1bc77de1a679456773"]
requests = ["6a1b267aa90cac58ac3a765d067950e7dbbf75b1da07e895d1f594193a40a38b", "9c443e7324ba5b85070c4a818ade28bfabedf16ea10206da1132edaa6dda237e"]
six = ["3350809f0555b11f552448330d0b52d5f24c91a322ea4a15ef22629740f3761c", "d16a0141ec1a18405cd4ce8b4613101da75da0e9a7aec5bdd4fa804d0e0eba73"]
urllib3 = ["06330f386d6e4b195fbfc736b297f58c5a892e4440e54d294d7004e3a9bbea1b", "cc44da8e1145637334317feebd728bd869a35285b93cbb4cca2577da7e62db4f"]
